{
  "batch_id": "seo-20260828T1428Z-001",
  "status": "acquired",
  "scope": "inventory-selection",
  "owner": "scheduled-seo-agent",
  "acquired_at": "2026-08-28T14:28:26Z",
  "target_count": 50,
  "rules": [
    "do-not-edit-scientific-body",
    "do-not-change-published-url",
    "do-not-hide-editorial-pages",
    "skip-reviewed-until-inventory-complete",
    "record-content-gaps-only"
  ]
}
